// !$*UTF8*$!
{
	archiveVersion = 1;
	classes = {
	};
	objectVersion = 51;
	objects = {

/* Begin PBXBuildFile section */
		C0B5BDACD4E053473476A16E /* Pods_TableRx.framework in Frameworks */ = {isa = PBXBuildFile; fileRef = 5B7A66CE006FD53C78826A30 /* Pods_TableRx.framework */; };
		C4FEA1AA825C972B5DAF042A /* Pods_TableRx_TableRxUITests.framework in Frameworks */ = {isa = PBXBuildFile; fileRef = AC911BCC2BD96F4451D49C07 /* Pods_TableRx_TableRxUITests.framework */; };
		D207281923AFA49F003E2AB3 /* AppDelegate.swift in Sources */ = {isa = PBXBuildFile; fileRef = D207281823AFA49F003E2AB3 /* AppDelegate.swift */; };
		D207281B23AFA49F003E2AB3 /* SceneDelegate.swift in Sources */ = {isa = PBXBuildFile; fileRef = D207281A23AFA49F003E2AB3 /* SceneDelegate.swift */; };
		D207281D23AFA49F003E2AB3 /* ViewController.swift in Sources */ = {isa = PBXBuildFile; fileRef = D207281C23AFA49F003E2AB3 /* ViewController.swift */; };
		D207282023AFA49F003E2AB3 /* Main.storyboard in Resources */ = {isa = PBXBuildFile; fileRef = D207281E23AFA49F003E2AB3 /* Main.storyboard */; };
		D207282223AFA4A3003E2AB3 /* Assets.xcassets in Resources */ = {isa = PBXBuildFile; fileRef = D207282123AFA4A3003E2AB3 /* Assets.xcassets */; };
		D207282523AFA4A3003E2AB3 /* LaunchScreen.storyboard in Resources */ = {isa = PBXBuildFile; fileRef = D207282323AFA4A3003E2AB3 /* LaunchScreen.storyboard */; };
		D207283023AFA4A4003E2AB3 /* TableRxTests.swift in Sources */ = {isa = PBXBuildFile; fileRef = D207282F23AFA4A4003E2AB3 /* TableRxTests.swift */; };
		D207283B23AFA4A4003E2AB3 /* TableRxUITests.swift in Sources */ = {isa = PBXBuildFile; fileRef = D207283A23AFA4A4003E2AB3 /* TableRxUITests.swift */; };
		D28ACF3925060CDB0057D5F2 /* ViewController2.swift in Sources */ = {isa = PBXBuildFile; fileRef = D28ACF3825060CDB0057D5F2 /* ViewController2.swift */; };
		D28ACF3B250658D00057D5F2 /* ViewController3.swift in Sources */ = {isa = PBXBuildFile; fileRef = D28ACF3A250658D00057D5F2 /* ViewController3.swift */; };
		D28ACF3D2508FF290057D5F2 /* TableViewController.swift in Sources */ = {isa = PBXBuildFile; fileRef = D28ACF3C2508FF290057D5F2 /* TableViewController.swift */; };
		D28ACF3F2508FF6F0057D5F2 /* TableViewModel.swift in Sources */ = {isa = PBXBuildFile; fileRef = D28ACF3E2508FF6F0057D5F2 /* TableViewModel.swift */; };
		D28ACF43250910CF0057D5F2 /* RamenShop.swift in Sources */ = {isa = PBXBuildFile; fileRef = D28ACF42250910CF0057D5F2 /* RamenShop.swift */; };
		D28ACF46250918C10057D5F2 /* Noodles.tsv in Resources */ = {isa = PBXBuildFile; fileRef = D28ACF45250918C10057D5F2 /* Noodles.tsv */; };
		F42BF902D0A9E3EA94F18AB1 /* Pods_TableRxTests.framework in Frameworks */ = {isa = PBXBuildFile; fileRef = 66C09021F5B8C2C88B6CF6BA /* Pods_TableRxTests.framework */; };
/* End PBXBuildFile section */

/* Begin PBXContainerItemProxy section */
		D207282C23AFA4A4003E2AB3 /* PBXContainerItemProxy */ = {
			isa = PBXContainerItemProxy;
			containerPortal = D207280D23AFA49F003E2AB3 /* Project object */;
			proxyType = 1;
			remoteGlobalIDString = D207281423AFA49F003E2AB3;
			remoteInfo = TableRx;
		};
		D207283723AFA4A4003E2AB3 /* PBXContainerItemProxy */ = {
			isa = PBXContainerItemProxy;
			containerPortal = D207280D23AFA49F003E2AB3 /* Project object */;
			proxyType = 1;
			remoteGlobalIDString = D207281423AFA49F003E2AB3;
			remoteInfo = TableRx;
		};
/* End PBXContainerItemProxy section */

/* Begin PBXFileReference section */
		2AFE4DD63846F3F456E37F31 /* Pods-TableRx.release.xcconfig */ = {isa = PBXFileReference; includeInIndex = 1; lastKnownFileType = text.xcconfig; name = "Pods-TableRx.release.xcconfig"; path = "Target Support Files/Pods-TableRx/Pods-TableRx.release.xcconfig"; sourceTree = "<group>"; };
		45F360EE3D4964D9CEC4CB66 /* Pods-TableRxTests.release.xcconfig */ = {isa = PBXFileReference; includeInIndex = 1; lastKnownFileType = text.xcconfig; name = "Pods-TableRxTests.release.xcconfig"; path = "Target Support Files/Pods-TableRxTests/Pods-TableRxTests.release.xcconfig"; sourceTree = "<group>"; };
		5B7A66CE006FD53C78826A30 /* Pods_TableRx.framework */ = {isa = PBXFileReference; explicitFileType = wrapper.framework; includeInIndex = 0; path = Pods_TableRx.framework; sourceTree = BUILT_PRODUCTS_DIR; };
		605D9B4517C82D780500115A /* Pods-TableRx-TableRxUITests.release.xcconfig */ = {isa = PBXFileReference; includeInIndex = 1; lastKnownFileType = text.xcconfig; name = "Pods-TableRx-TableRxUITests.release.xcconfig"; path = "Target Support Files/Pods-TableRx-TableRxUITests/Pods-TableRx-TableRxUITests.release.xcconfig"; sourceTree = "<group>"; };
		61F8901F470F1590001AD92E /* Pods-TableRx.debug.xcconfig */ = {isa = PBXFileReference; includeInIndex = 1; lastKnownFileType = text.xcconfig; name = "Pods-TableRx.debug.xcconfig"; path = "Target Support Files/Pods-TableRx/Pods-TableRx.debug.xcconfig"; sourceTree = "<group>"; };
		66C09021F5B8C2C88B6CF6BA /* Pods_TableRxTests.framework */ = {isa = PBXFileReference; explicitFileType = wrapper.framework; includeInIndex = 0; path = Pods_TableRxTests.framework; sourceTree = BUILT_PRODUCTS_DIR; };
		AC911BCC2BD96F4451D49C07 /* Pods_TableRx_TableRxUITests.framework */ = {isa = PBXFileReference; explicitFileType = wrapper.framework; includeInIndex = 0; path = Pods_TableRx_TableRxUITests.framework; sourceTree = BUILT_PRODUCTS_DIR; };
		D207281523AFA49F003E2AB3 /* TableRx.app */ = {isa = PBXFileReference; explicitFileType = wrapper.application; includeInIndex = 0; path = TableRx.app; sourceTree = BUILT_PRODUCTS_DIR; };
		D207281823AFA49F003E2AB3 /* AppDelegate.swift */ = {isa = PBXFileReference; lastKnownFileType = sourcecode.swift; path = AppDelegate.swift; sourceTree = "<group>"; };
		D207281A23AFA49F003E2AB3 /* SceneDelegate.swift */ = {isa = PBXFileReference; lastKnownFileType = sourcecode.swift; path = SceneDelegate.swift; sourceTree = "<group>"; };
		D207281C23AFA49F003E2AB3 /* ViewController.swift */ = {isa = PBXFileReference; lastKnownFileType = sourcecode.swift; path = ViewController.swift; sourceTree = "<group>"; };
		D207281F23AFA49F003E2AB3 /* Base */ = {isa = PBXFileReference; lastKnownFileType = file.storyboard; name = Base; path = Base.lproj/Main.storyboard; sourceTree = "<group>"; };
		D207282123AFA4A3003E2AB3 /* Assets.xcassets */ = {isa = PBXFileReference; lastKnownFileType = folder.assetcatalog; path = Assets.xcassets; sourceTree = "<group>"; };
		D207282423AFA4A3003E2AB3 /* Base */ = {isa = PBXFileReference; lastKnownFileType = file.storyboard; name = Base; path = Base.lproj/LaunchScreen.storyboard; sourceTree = "<group>"; };
		D207282623AFA4A3003E2AB3 /* Info.plist */ = {isa = PBXFileReference; lastKnownFileType = text.plist.xml; path = Info.plist; sourceTree = "<group>"; };
		D207282B23AFA4A4003E2AB3 /* TableRxTests.xctest */ = {isa = PBXFileReference; explicitFileType = wrapper.cfbundle; includeInIndex = 0; path = TableRxTests.xctest; sourceTree = BUILT_PRODUCTS_DIR; };
		D207282F23AFA4A4003E2AB3 /* TableRxTests.swift */ = {isa = PBXFileReference; lastKnownFileType = sourcecode.swift; path = TableRxTests.swift; sourceTree = "<group>"; };
		D207283123AFA4A4003E2AB3 /* Info.plist */ = {isa = PBXFileReference; lastKnownFileType = text.plist.xml; path = Info.plist; sourceTree = "<group>"; };
		D207283623AFA4A4003E2AB3 /* TableRxUITests.xctest */ = {isa = PBXFileReference; explicitFileType = wrapper.cfbundle; includeInIndex = 0; path = TableRxUITests.xctest; sourceTree = BUILT_PRODUCTS_DIR; };
		D207283A23AFA4A4003E2AB3 /* TableRxUITests.swift */ = {isa = PBXFileReference; lastKnownFileType = sourcecode.swift; path = TableRxUITests.swift; sourceTree = "<group>"; };
		D207283C23AFA4A4003E2AB3 /* Info.plist */ = {isa = PBXFileReference; lastKnownFileType = text.plist.xml; path = Info.plist; sourceTree = "<group>"; };
		D28ACF3825060CDB0057D5F2 /* ViewController2.swift */ = {isa = PBXFileReference; lastKnownFileType = sourcecode.swift; path = ViewController2.swift; sourceTree = "<group>"; };
		D28ACF3A250658D00057D5F2 /* ViewController3.swift */ = {isa = PBXFileReference; lastKnownFileType = sourcecode.swift; path = ViewController3.swift; sourceTree = "<group>"; };
		D28ACF3C2508FF290057D5F2 /* TableViewController.swift */ = {isa = PBXFileReference; lastKnownFileType = sourcecode.swift; path = TableViewController.swift; sourceTree = "<group>"; };
		D28ACF3E2508FF6F0057D5F2 /* TableViewModel.swift */ = {isa = PBXFileReference; lastKnownFileType = sourcecode.swift; path = TableViewModel.swift; sourceTree = "<group>"; };
		D28ACF42250910CF0057D5F2 /* RamenShop.swift */ = {isa = PBXFileReference; lastKnownFileType = sourcecode.swift; path = RamenShop.swift; sourceTree = "<group>"; };
		D28ACF45250918C10057D5F2 /* Noodles.tsv */ = {isa = PBXFileReference; fileEncoding = 4; lastKnownFileType = text; name = Noodles.tsv; path = ../../../Downloads/Noodles.tsv; sourceTree = "<group>"; };
		E0B4973BF87F8D4A8022BADE /* Pods-TableRxTests.debug.xcconfig */ = {isa = PBXFileReference; includeInIndex = 1; lastKnownFileType = text.xcconfig; name = "Pods-TableRxTests.debug.xcconfig"; path = "Target Support Files/Pods-TableRxTests/Pods-TableRxTests.debug.xcconfig"; sourceTree = "<group>"; };
		F34CEEEAEC808579F667955F /* Pods-TableRx-TableRxUITests.debug.xcconfig */ = {isa = PBXFileReference; includeInIndex = 1; lastKnownFileType = text.xcconfig; name = "Pods-TableRx-TableRxUITests.debug.xcconfig"; path = "Target Support Files/Pods-TableRx-TableRxUITests/Pods-TableRx-TableRxUITests.debug.xcconfig"; sourceTree = "<group>"; };
/* End PBXFileReference section */

/* Begin PBXFrameworksBuildPhase section */
		D207281223AFA49F003E2AB3 /* Frameworks */ = {
			isa = PBXFrameworksBuildPhase;
			buildActionMask = 2147483647;
			files = (
				C0B5BDACD4E053473476A16E /* Pods_TableRx.framework in Frameworks */,
			);
			runOnlyForDeploymentPostprocessing = 0;
		};
		D207282823AFA4A4003E2AB3 /* Frameworks */ = {
			isa = PBXFrameworksBuildPhase;
			buildActionMask = 2147483647;
			files = (
				F42BF902D0A9E3EA94F18AB1 /* Pods_TableRxTests.framework in Frameworks */,
			);
			runOnlyForDeploymentPostprocessing = 0;
		};
		D207283323AFA4A4003E2AB3 /* Frameworks */ = {
			isa = PBXFrameworksBuildPhase;
			buildActionMask = 2147483647;
			files = (
				C4FEA1AA825C972B5DAF042A /* Pods_TableRx_TableRxUITests.framework in Frameworks */,
			);
			runOnlyForDeploymentPostprocessing = 0;
		};
/* End PBXFrameworksBuildPhase section */

/* Begin PBXGroup section */
		3A196E488D08C9458B613A9D /* Frameworks */ = {
			isa = PBXGroup;
			children = (
				5B7A66CE006FD53C78826A30 /* Pods_TableRx.framework */,
				AC911BCC2BD96F4451D49C07 /* Pods_TableRx_TableRxUITests.framework */,
				66C09021F5B8C2C88B6CF6BA /* Pods_TableRxTests.framework */,
			);
			name = Frameworks;
			sourceTree = "<group>";
		};
		BA82419CCC1A5E5B19A4FE34 /* Pods */ = {
			isa = PBXGroup;
			children = (
				61F8901F470F1590001AD92E /* Pods-TableRx.debug.xcconfig */,
				2AFE4DD63846F3F456E37F31 /* Pods-TableRx.release.xcconfig */,
				F34CEEEAEC808579F667955F /* Pods-TableRx-TableRxUITests.debug.xcconfig */,
				605D9B4517C82D780500115A /* Pods-TableRx-TableRxUITests.release.xcconfig */,
				E0B4973BF87F8D4A8022BADE /* Pods-TableRxTests.debug.xcconfig */,
				45F360EE3D4964D9CEC4CB66 /* Pods-TableRxTests.release.xcconfig */,
			);
			path = Pods;
			sourceTree = "<group>";
		};
		D207280C23AFA49F003E2AB3 = {
			isa = PBXGroup;
			children = (
				D28ACF45250918C10057D5F2 /* Noodles.tsv */,
				D207281723AFA49F003E2AB3 /* TableRx */,
				D207282E23AFA4A4003E2AB3 /* TableRxTests */,
				D207283923AFA4A4003E2AB3 /* TableRxUITests */,
				D207281623AFA49F003E2AB3 /* Products */,
				BA82419CCC1A5E5B19A4FE34 /* Pods */,
				3A196E488D08C9458B613A9D /* Frameworks */,
			);
			sourceTree = "<group>";
		};
		D207281623AFA49F003E2AB3 /* Products */ = {
			isa = PBXGroup;
			children = (
				D207281523AFA49F003E2AB3 /* TableRx.app */,
				D207282B23AFA4A4003E2AB3 /* TableRxTests.xctest */,
				D207283623AFA4A4003E2AB3 /* TableRxUITests.xctest */,
			);
			name = Products;
			sourceTree = "<group>";
		};
		D207281723AFA49F003E2AB3 /* TableRx */ = {
			isa = PBXGroup;
			children = (
				D207281823AFA49F003E2AB3 /* AppDelegate.swift */,
				D207281A23AFA49F003E2AB3 /* SceneDelegate.swift */,
				D207281C23AFA49F003E2AB3 /* ViewController.swift */,
				D28ACF3825060CDB0057D5F2 /* ViewController2.swift */,
				D28ACF3A250658D00057D5F2 /* ViewController3.swift */,
				D207281E23AFA49F003E2AB3 /* Main.storyboard */,
				D207282123AFA4A3003E2AB3 /* Assets.xcassets */,
				D207282323AFA4A3003E2AB3 /* LaunchScreen.storyboard */,
				D207282623AFA4A3003E2AB3 /* Info.plist */,
				D28ACF3C2508FF290057D5F2 /* TableViewController.swift */,
				D28ACF3E2508FF6F0057D5F2 /* TableViewModel.swift */,
				D28ACF42250910CF0057D5F2 /* RamenShop.swift */,
			);
			path = TableRx;
			sourceTree = "<group>";
		};
		D207282E23AFA4A4003E2AB3 /* TableRxTests */ = {
			isa = PBXGroup;
			children = (
				D207282F23AFA4A4003E2AB3 /* TableRxTests.swift */,
				D207283123AFA4A4003E2AB3 /* Info.plist */,
			);
			path = TableRxTests;
			sourceTree = "<group>";
		};
		D207283923AFA4A4003E2AB3 /* TableRxUITests */ = {
			isa = PBXGroup;
			children = (
				D207283A23AFA4A4003E2AB3 /* TableRxUITests.swift */,
				D207283C23AFA4A4003E2AB3 /* Info.plist */,
			);
			path = TableRxUITests;
			sourceTree = "<group>";
		};
/* End PBXGroup section */

/* Begin PBXNativeTarget section */
		D207281423AFA49F003E2AB3 /* TableRx */ = {
			isa = PBXNativeTarget;
			buildConfigurationList = D207283F23AFA4A4003E2AB3 /* Build configuration list for PBXNativeTarget "TableRx" */;
			buildPhases = (
				DD995137634F540B3E4E9A23 /* [CP] Check Pods Manifest.lock */,
				D207281123AFA49F003E2AB3 /* Sources */,
				D207281223AFA49F003E2AB3 /* Frameworks */,
				D207281323AFA49F003E2AB3 /* Resources */,
				1BE50B818671FD6681290271 /* [CP] Embed Pods Frameworks */,
			);
			buildRules = (
			);
			dependencies = (
			);
			name = TableRx;
			productName = TableRx;
			productReference = D207281523AFA49F003E2AB3 /* TableRx.app */;
			productType = "com.apple.product-type.application";
		};
		D207282A23AFA4A4003E2AB3 /* TableRxTests */ = {
			isa = PBXNativeTarget;
			buildConfigurationList = D207284223AFA4A4003E2AB3 /* Build configuration list for PBXNativeTarget "TableRxTests" */;
			buildPhases = (
				887C436BDE432A6BA96B1D11 /* [CP] Check Pods Manifest.lock */,
				D207282723AFA4A4003E2AB3 /* Sources */,
				D207282823AFA4A4003E2AB3 /* Frameworks */,
				D207282923AFA4A4003E2AB3 /* Resources */,
			);
			buildRules = (
			);
			dependencies = (
				D207282D23AFA4A4003E2AB3 /* PBXTargetDependency */,
			);
			name = TableRxTests;
			productName = TableRxTests;
			productReference = D207282B23AFA4A4003E2AB3 /* TableRxTests.xctest */;
			productType = "com.apple.product-type.bundle.unit-test";
		};
		D207283523AFA4A4003E2AB3 /* TableRxUITests */ = {
			isa = PBXNativeTarget;
			buildConfigurationList = D207284523AFA4A4003E2AB3 /* Build configuration list for PBXNativeTarget "TableRxUITests" */;
			buildPhases = (
				4827B7487CB2BE3684C56711 /* [CP] Check Pods Manifest.lock */,
				D207283223AFA4A4003E2AB3 /* Sources */,
				D207283323AFA4A4003E2AB3 /* Frameworks */,
				D207283423AFA4A4003E2AB3 /* Resources */,
				43FC3001FAE84F61E92BAAAD /* [CP] Embed Pods Frameworks */,
			);
			buildRules = (
			);
			dependencies = (
				D207283823AFA4A4003E2AB3 /* PBXTargetDependency */,
			);
			name = TableRxUITests;
			productName = TableRxUITests;
			productReference = D207283623AFA4A4003E2AB3 /* TableRxUITests.xctest */;
			productType = "com.apple.product-type.bundle.ui-testing";
		};
/* End PBXNativeTarget section */

/* Begin PBXProject section */
		D207280D23AFA49F003E2AB3 /* Project object */ = {
			isa = PBXProject;
			attributes = {
				LastSwiftUpdateCheck = 1120;
				LastUpgradeCheck = 1120;
				ORGANIZATIONNAME = "CHEN SINYU";
				TargetAttributes = {
					D207281423AFA49F003E2AB3 = {
						CreatedOnToolsVersion = 11.2.1;
					};
					D207282A23AFA4A4003E2AB3 = {
						CreatedOnToolsVersion = 11.2.1;
						TestTargetID = D207281423AFA49F003E2AB3;
					};
					D207283523AFA4A4003E2AB3 = {
						CreatedOnToolsVersion = 11.2.1;
						TestTargetID = D207281423AFA49F003E2AB3;
					};
				};
			};
			buildConfigurationList = D207281023AFA49F003E2AB3 /* Build configuration list for PBXProject "TableRx" */;
			compatibilityVersion = "Xcode 9.3";
			developmentRegion = en;
			hasScannedForEncodings = 0;
			knownRegions = (
				en,
				Base,
			);
			mainGroup = D207280C23AFA49F003E2AB3;
			productRefGroup = D207281623AFA49F003E2AB3 /* Products */;
			projectDirPath = "";
			projectRoot = "";
			targets = (
				D207281423AFA49F003E2AB3 /* TableRx */,
				D207282A23AFA4A4003E2AB3 /* TableRxTests */,
				D207283523AFA4A4003E2AB3 /* TableRxUITests */,
			);
		};
/* End PBXProject section */

/* Begin PBXResourcesBuildPhase section */
		D207281323AFA49F003E2AB3 /* Resources */ = {
			isa = PBXResourcesBuildPhase;
			buildActionMask = 2147483647;
			files = (
				D207282523AFA4A3003E2AB3 /* LaunchScreen.storyboard in Resources */,
				D207282223AFA4A3003E2AB3 /* Assets.xcassets in Resources */,
				D28ACF46250918C10057D5F2 /* Noodles.tsv in Resources */,
				D207282023AFA49F003E2AB3 /* Main.storyboard in Resources */,
			);
			runOnlyForDeploymentPostprocessing = 0;
		};
		D207282923AFA4A4003E2AB3 /* Resources */ = {
			isa = PBXResourcesBuildPhase;
			buildActionMask = 2147483647;
			files = (
			);
			runOnlyForDeploymentPostprocessing = 0;
		};
		D207283423AFA4A4003E2AB3 /* Resources */ = {
			isa = PBXResourcesBuildPhase;
			buildActionMask = 2147483647;
			files = (
			);
			runOnlyForDeploymentPostprocessing = 0;
		};
/* End PBXResourcesBuildPhase section */

/* Begin PBXShellScriptBuildPhase section */
		1BE50B818671FD6681290271 /* [CP] Embed Pods Frameworks */ = {
			isa = PBXShellScriptBuildPhase;
			buildActionMask = 2147483647;
			files = (
			);
			inputFileListPaths = (
				"${PODS_ROOT}/Target Support Files/Pods-TableRx/Pods-TableRx-frameworks-${CONFIGURATION}-input-files.xcfilelist",
			);
			name = "[CP] Embed Pods Frameworks";
			outputFileListPaths = (
				"${PODS_ROOT}/Target Support Files/Pods-TableRx/Pods-TableRx-frameworks-${CONFIGURATION}-output-files.xcfilelist",
			);
			runOnlyForDeploymentPostprocessing = 0;
			shellPath = /bin/sh;
			shellScript = "\"${PODS_ROOT}/Target Support Files/Pods-TableRx/Pods-TableRx-frameworks.sh\"\n";
			showEnvVarsInLog = 0;
		};
		43FC3001FAE84F61E92BAAAD /* [CP] Embed Pods Frameworks */ = {
			isa = PBXShellScriptBuildPhase;
			buildActionMask = 2147483647;
			files = (
			);
			inputFileListPaths = (
				"${PODS_ROOT}/Target Support Files/Pods-TableRx-TableRxUITests/Pods-TableRx-TableRxUITests-frameworks-${CONFIGURATION}-input-files.xcfilelist",
			);
			name = "[CP] Embed Pods Frameworks";
			outputFileListPaths = (
				"${PODS_ROOT}/Target Support Files/Pods-TableRx-TableRxUITests/Pods-TableRx-TableRxUITests-frameworks-${CONFIGURATION}-output-files.xcfilelist",
			);
			runOnlyForDeploymentPostprocessing = 0;
			shellPath = /bin/sh;
			shellScript = "\"${PODS_ROOT}/Target Support Files/Pods-TableRx-TableRxUITests/Pods-TableRx-TableRxUITests-frameworks.sh\"\n";
			showEnvVarsInLog = 0;
		};
		4827B7487CB2BE3684C56711 /* [CP] Check Pods Manifest.lock */ = {
			isa = PBXShellScriptBuildPhase;
			buildActionMask = 2147483647;
			files = (
			);
			inputFileListPaths = (
			);
			inputPaths = (
				"${PODS_PODFILE_DIR_PATH}/Podfile.lock",
				"${PODS_ROOT}/Manifest.lock",
			);
			name = "[CP] Check Pods Manifest.lock";
			outputFileListPaths = (
			);
			outputPaths = (
				"$(DERIVED_FILE_DIR)/Pods-TableRx-TableRxUITests-checkManifestLockResult.txt",
			);
			runOnlyForDeploymentPostprocessing = 0;
			shellPath = /bin/sh;
			shellScript = "diff \"${PODS_PODFILE_DIR_PATH}/Podfile.lock\" \"${PODS_ROOT}/Manifest.lock\" > /dev/null\nif [ $? != 0 ] ; then\n    # print error to STDERR\n    echo \"error: The sandbox is not in sync with the Podfile.lock. Run 'pod install' or update your CocoaPods installation.\" >&2\n    exit 1\nfi\n# This output is used by Xcode 'outputs' to avoid re-running this script phase.\necho \"SUCCESS\" > \"${SCRIPT_OUTPUT_FILE_0}\"\n";
			showEnvVarsInLog = 0;
		};
		887C436BDE432A6BA96B1D11 /* [CP] Check Pods Manifest.lock */ = {
			isa = PBXShellScriptBuildPhase;
			buildActionMask = 2147483647;
			files = (
			);
			inputFileListPaths = (
			);
			inputPaths = (
				"${PODS_PODFILE_DIR_PATH}/Podfile.lock",
				"${PODS_ROOT}/Manifest.lock",
			);
			name = "[CP] Check Pods Manifest.lock";
			outputFileListPaths = (
			);
			outputPaths = (
				"$(DERIVED_FILE_DIR)/Pods-TableRxTests-checkManifestLockResult.txt",
			);
			runOnlyForDeploymentPostprocessing = 0;
			shellPath = /bin/sh;
			shellScript = "diff \"${PODS_PODFILE_DIR_PATH}/Podfile.lock\" \"${PODS_ROOT}/Manifest.lock\" > /dev/null\nif [ $? != 0 ] ; then\n    # print error to STDERR\n    echo \"error: The sandbox is not in sync with the Podfile.lock. Run 'pod install' or update your CocoaPods installation.\" >&2\n    exit 1\nfi\n# This output is used by Xcode 'outputs' to avoid re-running this script phase.\necho \"SUCCESS\" > \"${SCRIPT_OUTPUT_FILE_0}\"\n";
			showEnvVarsInLog = 0;
		};
		DD995137634F540B3E4E9A23 /* [CP] Check Pods Manifest.lock */ = {
			isa = PBXShellScriptBuildPhase;
			buildActionMask = 2147483647;
			files = (
			);
			inputFileListPaths = (
			);
			inputPaths = (
				"${PODS_PODFILE_DIR_PATH}/Podfile.lock",
				"${PODS_ROOT}/Manifest.lock",
			);
			name = "[CP] Check Pods Manifest.lock";
			outputFileListPaths = (
			);
			outputPaths = (
				"$(DERIVED_FILE_DIR)/Pods-TableRx-checkManifestLockResult.txt",
			);
			runOnlyForDeploymentPostprocessing = 0;
			shellPath = /bin/sh;
			shellScript = "diff \"${PODS_PODFILE_DIR_PATH}/Podfile.lock\" \"${PODS_ROOT}/Manifest.lock\" > /dev/null\nif [ $? != 0 ] ; then\n    # print error to STDERR\n    echo \"error: The sandbox is not in sync with the Podfile.lock. Run 'pod install' or update your CocoaPods installation.\" >&2\n    exit 1\nfi\n# This output is used by Xcode 'outputs' to avoid re-running this script phase.\necho \"SUCCESS\" > \"${SCRIPT_OUTPUT_FILE_0}\"\n";
			showEnvVarsInLog = 0;
		};
/* End PBXShellScriptBuildPhase section */

/* Begin PBXSourcesBuildPhase section */
		D207281123AFA49F003E2AB3 /* Sources */ = {
			isa = PBXSourcesBuildPhase;
			buildActionMask = 2147483647;
			files = (
				D28ACF3B250658D00057D5F2 /* ViewController3.swift in Sources */,
				D28ACF3F2508FF6F0057D5F2 /* TableViewModel.swift in Sources */,
				D28ACF3D2508FF290057D5F2 /* TableViewController.swift in Sources */,
				D207281D23AFA49F003E2AB3 /* ViewController.swift in Sources */,
				D28ACF3925060CDB0057D5F2 /* ViewController2.swift in Sources */,
				D207281923AFA49F003E2AB3 /* AppDelegate.swift in Sources */,
				D207281B23AFA49F003E2AB3 /* SceneDelegate.swift in Sources */,
				D28ACF43250910CF0057D5F2 /* RamenShop.swift in Sources */,
			);
			runOnlyForDeploymentPostprocessing = 0;
		};
		D207282723AFA4A4003E2AB3 /* Sources */ = {
			isa = PBXSourcesBuildPhase;
			buildActionMask = 2147483647;
			files = (
				D207283023AFA4A4003E2AB3 /* TableRxTests.swift in Sources */,
			);
			runOnlyForDeploymentPostprocessing = 0;
		};
		D207283223AFA4A4003E2AB3 /* Sources */ = {
			isa = PBXSourcesBuildPhase;
			buildActionMask = 2147483647;
			files = (
				D207283B23AFA4A4003E2AB3 /* TableRxUITests.swift in Sources */,
			);
			runOnlyForDeploymentPostprocessing = 0;
		};
/* End PBXSourcesBuildPhase section */

/* Begin PBXTargetDependency section */
		D207282D23AFA4A4003E2AB3 /* PBXTargetDependency */ = {
			isa = PBXTargetDependency;
			target = D207281423AFA49F003E2AB3 /* TableRx */;
			targetProxy = D207282C23AFA4A4003E2AB3 /* PBXContainerItemProxy */;
		};
		D207283823AFA4A4003E2AB3 /* PBXTargetDependency */ = {
			isa = PBXTargetDependency;
			target = D207281423AFA49F003E2AB3 /* TableRx */;
			targetProxy = D207283723AFA4A4003E2AB3 /* PBXContainerItemProxy */;
		};
/* End PBXTargetDependency section */

/* Begin PBXVariantGroup section */
		D207281E23AFA49F003E2AB3 /* Main.storyboard */ = {
			isa = PBXVariantGroup;
			children = (
				D207281F23AFA49F003E2AB3 /* Base */,
			);
			name = Main.storyboard;
			sourceTree = "<group>";
		};
		D207282323AFA4A3003E2AB3 /* LaunchScreen.storyboard */ = {
			isa = PBXVariantGroup;
			children = (
				D207282423AFA4A3003E2AB3 /* Base */,
			);
			name = LaunchScreen.storyboard;
			sourceTree = "<group>";
		};
/* End PBXVariantGroup section */

/* Begin XCBuildConfiguration section */
		D207283D23AFA4A4003E2AB3 /* Debug */ = {
			isa = XCBuildConfiguration;
			buildSettings = {
				ALWAYS_SEARCH_USER_PATHS = NO;
				CLANG_ANALYZER_NONNULL = YES;
				CLANG_ANALYZER_NUMBER_OBJECT_CONVERSION = YES_AGGRESSIVE;
				CLANG_CXX_LANGUAGE_STANDARD = "gnu++14";
				CLANG_CXX_LIBRARY = "libc++";
				CLANG_ENABLE_MODULES = YES;
				CLANG_ENABLE_OBJC_ARC = YES;
				CLANG_ENABLE_OBJC_WEAK = YES;
				CLANG_WARN_BLOCK_CAPTURE_AUTORELEASING = YES;
				CLANG_WARN_BOOL_CONVERSION = YES;
				CLANG_WARN_COMMA = YES;
				CLANG_WARN_CONSTANT_CONVERSION = YES;
				CLANG_WARN_DEPRECATED_OBJC_IMPLEMENTATIONS = YES;
				CLANG_WARN_DIRECT_OBJC_ISA_USAGE = YES_ERROR;
				CLANG_WARN_DOCUMENTATION_COMMENTS = YES;
				CLANG_WARN_EMPTY_BODY = YES;
				CLANG_WARN_ENUM_CONVERSION = YES;
				CLANG_WARN_INFINITE_RECURSION = YES;
				CLANG_WARN_INT_CONVERSION = YES;
				CLANG_WARN_NON_LITERAL_NULL_CONVERSION = YES;
				CLANG_WARN_OBJC_IMPLICIT_RETAIN_SELF = YES;
				CLANG_WARN_OBJC_LITERAL_CONVERSION = YES;
				CLANG_WARN_OBJC_ROOT_CLASS = YES_ERROR;
				CLANG_WARN_RANGE_LOOP_ANALYSIS = YES;
				CLANG_WARN_STRICT_PROTOTYPES = YES;
				CLANG_WARN_SUSPICIOUS_MOVE = YES;
				CLANG_WARN_UNGUARDED_AVAILABILITY = YES_AGGRESSIVE;
				CLANG_WARN_UNREACHABLE_CODE = YES;
				CLANG_WARN__DUPLICATE_METHOD_MATCH = YES;
				COPY_PHASE_STRIP = NO;
				DEBUG_INFORMATION_FORMAT = dwarf;
				ENABLE_STRICT_OBJC_MSGSEND = YES;
				ENABLE_TESTABILITY = YES;
				GCC_C_LANGUAGE_STANDARD = gnu11;
				GCC_DYNAMIC_NO_PIC = NO;
				GCC_NO_COMMON_BLOCKS = YES;
				GCC_OPTIMIZATION_LEVEL = 0;
				GCC_PREPROCESSOR_DEFINITIONS = (
					"DEBUG=1",
					"$(inherited)",
				);
				GCC_WARN_64_TO_32_BIT_CONVERSION = YES;
				GCC_WARN_ABOUT_RETURN_TYPE = YES_ERROR;
				GCC_WARN_UNDECLARED_SELECTOR = YES;
				GCC_WARN_UNINITIALIZED_AUTOS = YES_AGGRESSIVE;
				GCC_WARN_UNUSED_FUNCTION = YES;
				GCC_WARN_UNUSED_VARIABLE = YES;
				IPHONEOS_DEPLOYMENT_TARGET = 13.2;
				MTL_ENABLE_DEBUG_INFO = INCLUDE_SOURCE;
				MTL_FAST_MATH = YES;
				ONLY_ACTIVE_ARCH = YES;
				SDKROOT = iphoneos;
				SWIFT_ACTIVE_COMPILATION_CONDITIONS = DEBUG;
				SWIFT_OPTIMIZATION_LEVEL = "-Onone";
			};
			name = Debug;
		};
		D207283E23AFA4A4003E2AB3 /* Release */ = {
			isa = XCBuildConfiguration;
			buildSettings = {
				ALWAYS_SEARCH_USER_PATHS = NO;
				CLANG_ANALYZER_NONNULL = YES;
				CLANG_ANALYZER_NUMBER_OBJECT_CONVERSION = YES_AGGRESSIVE;
				CLANG_CXX_LANGUAGE_STANDARD = "gnu++14";
				CLANG_CXX_LIBRARY = "libc++";
				CLANG_ENABLE_MODULES = YES;
				CLANG_ENABLE_OBJC_ARC = YES;
				CLANG_ENABLE_OBJC_WEAK = YES;
				CLANG_WARN_BLOCK_CAPTURE_AUTORELEASING = YES;
				CLANG_WARN_BOOL_CONVERSION = YES;
				CLANG_WARN_COMMA = YES;
				CLANG_WARN_CONSTANT_CONVERSION = YES;
				CLANG_WARN_DEPRECATED_OBJC_IMPLEMENTATIONS = YES;
				CLANG_WARN_DIRECT_OBJC_ISA_USAGE = YES_ERROR;
				CLANG_WARN_DOCUMENTATION_COMMENTS = YES;
				CLANG_WARN_EMPTY_BODY = YES;
				CLANG_WARN_ENUM_CONVERSION = YES;
				CLANG_WARN_INFINITE_RECURSION = YES;
				CLANG_WARN_INT_CONVERSION = YES;
				CLANG_WARN_NON_LITERAL_NULL_CONVERSION = YES;
				CLANG_WARN_OBJC_IMPLICIT_RETAIN_SELF = YES;
				CLANG_WARN_OBJC_LITERAL_CONVERSION = YES;
				CLANG_WARN_OBJC_ROOT_CLASS = YES_ERROR;
				CLANG_WARN_RANGE_LOOP_ANALYSIS = YES;
				CLANG_WARN_STRICT_PROTOTYPES = YES;
				CLANG_WARN_SUSPICIOUS_MOVE = YES;
				CLANG_WARN_UNGUARDED_AVAILABILITY = YES_AGGRESSIVE;
				CLANG_WARN_UNREACHABLE_CODE = YES;
				CLANG_WARN__DUPLICATE_METHOD_MATCH = YES;
				COPY_PHASE_STRIP = NO;
				DEBUG_INFORMATION_FORMAT = "dwarf-with-dsym";
				ENABLE_NS_ASSERTIONS = NO;
				ENABLE_STRICT_OBJC_MSGSEND = YES;
				GCC_C_LANGUAGE_STANDARD = gnu11;
				GCC_NO_COMMON_BLOCKS = YES;
				GCC_WARN_64_TO_32_BIT_CONVERSION = YES;
				GCC_WARN_ABOUT_RETURN_TYPE = YES_ERROR;
				GCC_WARN_UNDECLARED_SELECTOR = YES;
				GCC_WARN_UNINITIALIZED_AUTOS = YES_AGGRESSIVE;
				GCC_WARN_UNUSED_FUNCTION = YES;
				GCC_WARN_UNUSED_VARIABLE = YES;
				IPHONEOS_DEPLOYMENT_TARGET = 13.2;
				MTL_ENABLE_DEBUG_INFO = NO;
				MTL_FAST_MATH = YES;
				SDKROOT = iphoneos;
				SWIFT_COMPILATION_MODE = wholemodule;
				SWIFT_OPTIMIZATION_LEVEL = "-O";
				VALIDATE_PRODUCT = YES;
			};
			name = Release;
		};
		D207284023AFA4A4003E2AB3 /* Debug */ = {
			isa = XCBuildConfiguration;
			baseConfigurationReference = 61F8901F470F1590001AD92E /* Pods-TableRx.debug.xcconfig */;
			buildSettings = {
				ASSETCATALOG_COMPILER_APPICON_NAME = AppIcon;
				CODE_SIGN_STYLE = Automatic;
				DEVELOPMENT_TEAM = TKUKNKW8ZJ;
				INFOPLIST_FILE = TableRx/Info.plist;
				LD_RUNPATH_SEARCH_PATHS = (
					"$(inherited)",
					"@executable_path/Frameworks",
				);
				PRODUCT_BUNDLE_IDENTIFIER = com.sinyuchen.TableRx;
				PRODUCT_NAME = "$(TARGET_NAME)";
				SWIFT_VERSION = 5.0;
				TARGETED_DEVICE_FAMILY = "1,2";
			};
			name = Debug;
		};
		D207284123AFA4A4003E2AB3 /* Release */ = {
			isa = XCBuildConfiguration;
			baseConfigurationReference = 2AFE4DD63846F3F456E37F31 /* Pods-TableRx.release.xcconfig */;
			buildSettings = {
				ASSETCATALOG_COMPILER_APPICON_NAME = AppIcon;
				CODE_SIGN_STYLE = Automatic;
				DEVELOPMENT_TEAM = TKUKNKW8ZJ;
				INFOPLIST_FILE = TableRx/Info.plist;
				LD_RUNPATH_SEARCH_PATHS = (
					"$(inherited)",
					"@executable_path/Frameworks",
				);
				PRODUCT_BUNDLE_IDENTIFIER = com.sinyuchen.TableRx;
				PRODUCT_NAME = "$(TARGET_NAME)";
				SWIFT_VERSION = 5.0;
				TARGETED_DEVICE_FAMILY = "1,2";
			};
			name = Release;
		};
		D207284323AFA4A4003E2AB3 /* Debug */ = {
			isa = XCBuildConfiguration;
			baseConfigurationReference = E0B4973BF87F8D4A8022BADE /* Pods-TableRxTests.debug.xcconfig */;
			buildSettings = {
				ALWAYS_EMBED_SWIFT_STANDARD_LIBRARIES = YES;
				BUNDLE_LOADER = "$(TEST_HOST)";
				CODE_SIGN_STYLE = Automatic;
				DEVELOPMENT_TEAM = TKUKNKW8ZJ;
				INFOPLIST_FILE = TableRxTests/Info.plist;
				IPHONEOS_DEPLOYMENT_TARGET = 13.2;
				LD_RUNPATH_SEARCH_PATHS = (
					"$(inherited)",
					"@executable_path/Frameworks",
					"@loader_path/Frameworks",
				);
				PRODUCT_BUNDLE_IDENTIFIER = com.sinyuchen.TableRxTests;
				PRODUCT_NAME = "$(TARGET_NAME)";
				SWIFT_VERSION = 5.0;
				TARGETED_DEVICE_FAMILY = "1,2";
				TEST_HOST = "$(BUILT_PRODUCTS_DIR)/TableRx.app/TableRx";
			};
			name = Debug;
		};
		D207284423AFA4A4003E2AB3 /* Release */ = {
			isa = XCBuildConfiguration;
			baseConfigurationReference = 45F360EE3D4964D9CEC4CB66 /* Pods-TableRxTests.release.xcconfig */;
			buildSettings = {
				ALWAYS_EMBED_SWIFT_STANDARD_LIBRARIES = YES;
				BUNDLE_LOADER = "$(TEST_HOST)";
				CODE_SIGN_STYLE = Automatic;
				DEVELOPMENT_TEAM = TKUKNKW8ZJ;
				INFOPLIST_FILE = TableRxTests/Info.plist;
				IPHONEOS_DEPLOYMENT_TARGET = 13.2;
				LD_RUNPATH_SEARCH_PATHS = (
					"$(inherited)",
					"@executable_path/Frameworks",
					"@loader_path/Frameworks",
				);
				PRODUCT_BUNDLE_IDENTIFIER = com.sinyuchen.TableRxTests;
				PRODUCT_NAME = "$(TARGET_NAME)";
				SWIFT_VERSION = 5.0;
				TARGETED_DEVICE_FAMILY = "1,2";
				TEST_HOST = "$(BUILT_PRODUCTS_DIR)/TableRx.app/TableRx";
			};
			name = Release;
		};
		D207284623AFA4A4003E2AB3 /* Debug */ = {
			isa = XCBuildConfiguration;
			baseConfigurationReference = F34CEEEAEC808579F667955F /* Pods-TableRx-TableRxUITests.debug.xcconfig */;
			buildSettings = {
				ALWAYS_EMBED_SWIFT_STANDARD_LIBRARIES = YES;
				CODE_SIGN_STYLE = Automatic;
				DEVELOPMENT_TEAM = TKUKNKW8ZJ;
				INFOPLIST_FILE = TableRxUITests/Info.plist;
				LD_RUNPATH_SEARCH_PATHS = (
					"$(inherited)",
					"@executable_path/Frameworks",
					"@loader_path/Frameworks",
				);
				PRODUCT_BUNDLE_IDENTIFIER = com.sinyuchen.TableRxUITests;
				PRODUCT_NAME = "$(TARGET_NAME)";
				SWIFT_VERSION = 5.0;
				TARGETED_DEVICE_FAMILY = "1,2";
				TEST_TARGET_NAME = TableRx;
			};
			name = Debug;
		};
		D207284723AFA4A4003E2AB3 /* Release */ = {
			isa = XCBuildConfiguration;
			baseConfigurationReference = 605D9B4517C82D780500115A /* Pods-TableRx-TableRxUITests.release.xcconfig */;
			buildSettings = {
				ALWAYS_EMBED_SWIFT_STANDARD_LIBRARIES = YES;
				CODE_SIGN_STYLE = Automatic;
				DEVELOPMENT_TEAM = TKUKNKW8ZJ;
				INFOPLIST_FILE = TableRxUITests/Info.plist;
				LD_RUNPATH_SEARCH_PATHS = (
					"$(inherited)",
					"@executable_path/Frameworks",
					"@loader_path/Frameworks",
				);
				PRODUCT_BUNDLE_IDENTIFIER = com.sinyuchen.TableRxUITests;
				PRODUCT_NAME = "$(TARGET_NAME)";
				SWIFT_VERSION = 5.0;
				TARGETED_DEVICE_FAMILY = "1,2";
				TEST_TARGET_NAME = TableRx;
			};
			name = Release;
		};
/* End XCBuildConfiguration section */

/* Begin XCConfigurationList section */
		D207281023AFA49F003E2AB3 /* Build configuration list for PBXProject "TableRx" */ = {
			isa = XCConfigurationList;
			buildConfigurations = (
				D207283D23AFA4A4003E2AB3 /* Debug */,
				D207283E23AFA4A4003E2AB3 /* Release */,
			);
			defaultConfigurationIsVisible = 0;
			defaultConfigurationName = Release;
		};
		D207283F23AFA4A4003E2AB3 /* Build configuration list for PBXNativeTarget "TableRx" */ = {
			isa = XCConfigurationList;
			buildConfigurations = (
				D207284023AFA4A4003E2AB3 /* Debug */,
				D207284123AFA4A4003E2AB3 /* Release */,
			);
			defaultConfigurationIsVisible = 0;
			defaultConfigurationName = Release;
		};
		D207284223AFA4A4003E2AB3 /* Build configuration list for PBXNativeTarget "TableRxTests" */ = {
			isa = XCConfigurationList;
			buildConfigurations = (
				D207284323AFA4A4003E2AB3 /* Debug */,
				D207284423AFA4A4003E2AB3 /* Release */,
			);
			defaultConfigurationIsVisible = 0;
			defaultConfigurationName = Release;
		};
		D207284523AFA4A4003E2AB3 /* Build configuration list for PBXNativeTarget "TableRxUITests" */ = {
			isa = XCConfigurationList;
			buildConfigurations = (
				D207284623AFA4A4003E2AB3 /* Debug */,
				D207284723AFA4A4003E2AB3 /* Release */,
			);
			defaultConfigurationIsVisible = 0;
			defaultConfigurationName = Release;
		};
/* End XCConfigurationList section */
	};
	rootObject = D207280D23AFA49F003E2AB3 /* Project object */;
}
